// !$*UTF8*$!
{
	archiveVersion = 1;
	classes = {
	};
	objectVersion = 56;
	objects = {

/* Begin PBXBuildFile section */
		659B4B4E299D788B0029E731 /* PolkaChatApp.swift in Sources */ = {isa = PBXBuildFile; fileRef = 659B4B4D299D788B0029E731 /* PolkaChatApp.swift */; };
		659B4B50299D788B0029E731 /* ContentView.swift in Sources */ = {isa = PBXBuildFile; fileRef = 659B4B4F299D788B0029E731 /* ContentView.swift */; };
		659B4B52299D788C0029E731 /* Assets.xcassets in Resources */ = {isa = PBXBuildFile; fileRef = 659B4B51299D788C0029E731 /* Assets.xcassets */; };
		659B4B55299D788C0029E731 /* Preview Assets.xcassets in Resources */ = {isa = PBXBuildFile; fileRef = 659B4B54299D788C0029E731 /* Preview Assets.xcassets */; };
		659B4B5D299D79950029E731 /* TesseractClient in Frameworks */ = {isa = PBXBuildFile; productRef = 659B4B5C299D79950029E731 /* TesseractClient */; };
		659B4B5F299D79950029E731 /* TesseractUtils in Frameworks */ = {isa = PBXBuildFile; productRef = 659B4B5E299D79950029E731 /* TesseractUtils */; };
		65DD5C9229B116AA00FB7CBD /* MessagesView.swift in Sources */ = {isa = PBXBuildFile; fileRef = 65DD5C9129B116AA00FB7CBD /* MessagesView.swift */; };
		65DD5C9429B1199200FB7CBD /* UserControlsView.swift in Sources */ = {isa = PBXBuildFile; fileRef = 65DD5C9329B1199200FB7CBD /* UserControlsView.swift */; };
		65DD5C9629B119A500FB7CBD /* SignInView.swift in Sources */ = {isa = PBXBuildFile; fileRef = 65DD5C9529B119A500FB7CBD /* SignInView.swift */; };
/* End PBXBuildFile section */

/* Begin PBXFileReference section */
		659B4B4A299D788B0029E731 /* PolkaChat.app */ = {isa = PBXFileReference; explicitFileType = wrapper.application; includeInIndex = 0; path = PolkaChat.app; sourceTree = BUILT_PRODUCTS_DIR; };
		659B4B4D299D788B0029E731 /* PolkaChatApp.swift */ = {isa = PBXFileReference; lastKnownFileType = sourcecode.swift; path = PolkaChatApp.swift; sourceTree = "<group>"; };
		659B4B4F299D788B0029E731 /* ContentView.swift */ = {isa = PBXFileReference; lastKnownFileType = sourcecode.swift; path = ContentView.swift; sourceTree = "<group>"; };
		659B4B51299D788C0029E731 /* Assets.xcassets */ = {isa = PBXFileReference; lastKnownFileType = folder.assetcatalog; path = Assets.xcassets; sourceTree = "<group>"; };
		659B4B54299D788C0029E731 /* Preview Assets.xcassets */ = {isa = PBXFileReference; lastKnownFileType = folder.assetcatalog; path = "Preview Assets.xcassets"; sourceTree = "<group>"; };
		65DD5C9129B116AA00FB7CBD /* MessagesView.swift */ = {isa = PBXFileReference; lastKnownFileType = sourcecode.swift; path = MessagesView.swift; sourceTree = "<group>"; };
		65DD5C9329B1199200FB7CBD /* UserControlsView.swift */ = {isa = PBXFileReference; lastKnownFileType = sourcecode.swift; path = UserControlsView.swift; sourceTree = "<group>"; };
		65DD5C9529B119A500FB7CBD /* SignInView.swift */ = {isa = PBXFileReference; lastKnownFileType = sourcecode.swift; path = SignInView.swift; sourceTree = "<group>"; };
/* End PBXFileReference section */

/* Begin PBXFrameworksBuildPhase section */
		659B4B47299D788B0029E731 /* Frameworks */ = {
			isa = PBXFrameworksBuildPhase;
			buildActionMask = 2147483647;
			files = (
				659B4B5D299D79950029E731 /* TesseractClient in Frameworks */,
				659B4B5F299D79950029E731 /* TesseractUtils in Frameworks */,
			);
			runOnlyForDeploymentPostprocessing = 0;
		};
/* End PBXFrameworksBuildPhase section */

/* Begin PBXGroup section */
		659B4B41299D788B0029E731 = {
			isa = PBXGroup;
			children = (
				659B4B4C299D788B0029E731 /* PolkaChat */,
				659B4B4B299D788B0029E731 /* Products */,
			);
			sourceTree = "<group>";
		};
		659B4B4B299D788B0029E731 /* Products */ = {
			isa = PBXGroup;
			children = (
				659B4B4A299D788B0029E731 /* PolkaChat.app */,
			);
			name = Products;
			sourceTree = "<group>";
		};
		659B4B4C299D788B0029E731 /* PolkaChat */ = {
			isa = PBXGroup;
			children = (
				65DD5C9029B1169100FB7CBD /* UI */,
				659B4B4D299D788B0029E731 /* PolkaChatApp.swift */,
				659B4B4F299D788B0029E731 /* ContentView.swift */,
				659B4B51299D788C0029E731 /* Assets.xcassets */,
				659B4B53299D788C0029E731 /* Preview Content */,
			);
			path = PolkaChat;
			sourceTree = "<group>";
		};
		659B4B53299D788C0029E731 /* Preview Content */ = {
			isa = PBXGroup;
			children = (
				659B4B54299D788C0029E731 /* Preview Assets.xcassets */,
			);
			path = "Preview Content";
			sourceTree = "<group>";
		};
		65DD5C9029B1169100FB7CBD /* UI */ = {
			isa = PBXGroup;
			children = (
				65DD5C9129B116AA00FB7CBD /* MessagesView.swift */,
				65DD5C9329B1199200FB7CBD /* UserControlsView.swift */,
				65DD5C9529B119A500FB7CBD /* SignInView.swift */,
			);
			path = UI;
			sourceTree = "<group>";
		};
/* End PBXGroup section */

/* Begin PBXNativeTarget section */
		659B4B49299D788B0029E731 /* PolkaChat */ = {
			isa = PBXNativeTarget;
			buildConfigurationList = 659B4B58299D788C0029E731 /* Build configuration list for PBXNativeTarget "PolkaChat" */;
			buildPhases = (
				659B4B60299D79AD0029E731 /* Build Rust */,
				659B4B46299D788B0029E731 /* Sources */,
				659B4B47299D788B0029E731 /* Frameworks */,
				659B4B48299D788B0029E731 /* Resources */,
			);
			buildRules = (
			);
			dependencies = (
			);
			name = PolkaChat;
			packageProductDependencies = (
				659B4B5C299D79950029E731 /* TesseractClient */,
				659B4B5E299D79950029E731 /* TesseractUtils */,
			);
			productName = PolkaChat;
			productReference = 659B4B4A299D788B0029E731 /* PolkaChat.app */;
			productType = "com.apple.product-type.application";
		};
/* End PBXNativeTarget section */

/* Begin PBXProject section */
		659B4B42299D788B0029E731 /* Project object */ = {
			isa = PBXProject;
			attributes = {
				BuildIndependentTargetsInParallel = 1;
				LastSwiftUpdateCheck = 1420;
				LastUpgradeCheck = 1420;
				TargetAttributes = {
					659B4B49299D788B0029E731 = {
						CreatedOnToolsVersion = 14.2;
					};
				};
			};
			buildConfigurationList = 659B4B45299D788B0029E731 /* Build configuration list for PBXProject "PolkaChat" */;
			compatibilityVersion = "Xcode 14.0";
			developmentRegion = en;
			hasScannedForEncodings = 0;
			knownRegions = (
				en,
				Base,
			);
			mainGroup = 659B4B41299D788B0029E731;
			packageReferences = (
				659B4B5B299D79950029E731 /* XCRemoteSwiftPackageReference "Tesseract.swift" */,
			);
			productRefGroup = 659B4B4B299D788B0029E731 /* Products */;
			projectDirPath = "";
			projectRoot = "";
			targets = (
				659B4B49299D788B0029E731 /* PolkaChat */,
			);
		};
/* End PBXProject section */

/* Begin PBXResourcesBuildPhase section */
		659B4B48299D788B0029E731 /* Resources */ = {
			isa = PBXResourcesBuildPhase;
			buildActionMask = 2147483647;
			files = (
				659B4B55299D788C0029E731 /* Preview Assets.xcassets in Resources */,
				659B4B52299D788C0029E731 /* Assets.xcassets in Resources */,
			);
			runOnlyForDeploymentPostprocessing = 0;
		};
/* End PBXResourcesBuildPhase section */

/* Begin PBXShellScriptBuildPhase section */
		659B4B60299D79AD0029E731 /* Build Rust */ = {
			isa = PBXShellScriptBuildPhase;
			alwaysOutOfDate = 1;
			buildActionMask = 2147483647;
			files = (
			);
			inputFileListPaths = (
			);
			inputPaths = (
			);
			name = "Build Rust";
			outputFileListPaths = (
			);
			outputPaths = (
			);
			runOnlyForDeploymentPostprocessing = 0;
			shellPath = /bin/sh;
			shellScript = "exec bash $SRCROOT/../common/xcode_build_step.sh CPolkaChat polkachat \n";
		};
/* End PBXShellScriptBuildPhase section */

/* Begin PBXSourcesBuildPhase section */
		659B4B46299D788B0029E731 /* Sources */ = {
			isa = PBXSourcesBuildPhase;
			buildActionMask = 2147483647;
			files = (
				659B4B50299D788B0029E731 /* ContentView.swift in Sources */,
				65DD5C9229B116AA00FB7CBD /* MessagesView.swift in Sources */,
				659B4B4E299D788B0029E731 /* PolkaChatApp.swift in Sources */,
				65DD5C9429B1199200FB7CBD /* UserControlsView.swift in Sources */,
				65DD5C9629B119A500FB7CBD /* SignInView.swift in Sources */,
			);
			runOnlyForDeploymentPostprocessing = 0;
		};
/* End PBXSourcesBuildPhase section */

/* Begin XCBuildConfiguration section */
		659B4B56299D788C0029E731 /* Debug */ = {
			isa = XCBuildConfiguration;
			buildSettings = {
				ALWAYS_SEARCH_USER_PATHS = NO;
				CLANG_ANALYZER_NONNULL = YES;
				CLANG_ANALYZER_NUMBER_OBJECT_CONVERSION = YES_AGGRESSIVE;
				CLANG_CXX_LANGUAGE_STANDARD = "gnu++20";
				CLANG_ENABLE_MODULES = YES;
				CLANG_ENABLE_OBJC_ARC = YES;
				CLANG_ENABLE_OBJC_WEAK = YES;
				CLANG_WARN_BLOCK_CAPTURE_AUTORELEASING = YES;
				CLANG_WARN_BOOL_CONVERSION = YES;
				CLANG_WARN_COMMA = YES;
				CLANG_WARN_CONSTANT_CONVERSION = YES;
				CLANG_WARN_DEPRECATED_OBJC_IMPLEMENTATIONS = YES;
				CLANG_WARN_DIRECT_OBJC_ISA_USAGE = YES_ERROR;
				CLANG_WARN_DOCUMENTATION_COMMENTS = YES;
				CLANG_WARN_EMPTY_BODY = YES;
				CLANG_WARN_ENUM_CONVERSION = YES;
				CLANG_WARN_INFINITE_RECURSION = YES;
				CLANG_WARN_INT_CONVERSION = YES;
				CLANG_WARN_NON_LITERAL_NULL_CONVERSION = YES;
				CLANG_WARN_OBJC_IMPLICIT_RETAIN_SELF = YES;
				CLANG_WARN_OBJC_LITERAL_CONVERSION = YES;
				CLANG_WARN_OBJC_ROOT_CLASS = YES_ERROR;
				CLANG_WARN_QUOTED_INCLUDE_IN_FRAMEWORK_HEADER = YES;
				CLANG_WARN_RANGE_LOOP_ANALYSIS = YES;
				CLANG_WARN_STRICT_PROTOTYPES = YES;
				CLANG_WARN_SUSPICIOUS_MOVE = YES;
				CLANG_WARN_UNGUARDED_AVAILABILITY = YES_AGGRESSIVE;
				CLANG_WARN_UNREACHABLE_CODE = YES;
				CLANG_WARN__DUPLICATE_METHOD_MATCH = YES;
				COPY_PHASE_STRIP = NO;
				DEBUG_INFORMATION_FORMAT = dwarf;
				ENABLE_STRICT_OBJC_MSGSEND = YES;
				ENABLE_TESTABILITY = YES;
				GCC_C_LANGUAGE_STANDARD = gnu11;
				GCC_DYNAMIC_NO_PIC = NO;
				GCC_NO_COMMON_BLOCKS = YES;
				GCC_OPTIMIZATION_LEVEL = 0;
				GCC_PREPROCESSOR_DEFINITIONS = (
					"DEBUG=1",
					"$(inherited)",
				);
				GCC_WARN_64_TO_32_BIT_CONVERSION = YES;
				GCC_WARN_ABOUT_RETURN_TYPE = YES_ERROR;
				GCC_WARN_UNDECLARED_SELECTOR = YES;
				GCC_WARN_UNINITIALIZED_AUTOS = YES_AGGRESSIVE;
				GCC_WARN_UNUSED_FUNCTION = YES;
				GCC_WARN_UNUSED_VARIABLE = YES;
				IPHONEOS_DEPLOYMENT_TARGET = 16.2;
				MTL_ENABLE_DEBUG_INFO = INCLUDE_SOURCE;
				MTL_FAST_MATH = YES;
				ONLY_ACTIVE_ARCH = YES;
				SDKROOT = iphoneos;
				SWIFT_ACTIVE_COMPILATION_CONDITIONS = DEBUG;
				SWIFT_OPTIMIZATION_LEVEL = "-Onone";
			};
			name = Debug;
		};
		659B4B57299D788C0029E731 /* Release */ = {
			isa = XCBuildConfiguration;
			buildSettings = {
				ALWAYS_SEARCH_USER_PATHS = NO;
				CLANG_ANALYZER_NONNULL = YES;
				CLANG_ANALYZER_NUMBER_OBJECT_CONVERSION = YES_AGGRESSIVE;
				CLANG_CXX_LANGUAGE_STANDARD = "gnu++20";
				CLANG_ENABLE_MODULES = YES;
				CLANG_ENABLE_OBJC_ARC = YES;
				CLANG_ENABLE_OBJC_WEAK = YES;
				CLANG_WARN_BLOCK_CAPTURE_AUTORELEASING = YES;
				CLANG_WARN_BOOL_CONVERSION = YES;
				CLANG_WARN_COMMA = YES;
				CLANG_WARN_CONSTANT_CONVERSION = YES;
				CLANG_WARN_DEPRECATED_OBJC_IMPLEMENTATIONS = YES;
				CLANG_WARN_DIRECT_OBJC_ISA_USAGE = YES_ERROR;
				CLANG_WARN_DOCUMENTATION_COMMENTS = YES;
				CLANG_WARN_EMPTY_BODY = YES;
				CLANG_WARN_ENUM_CONVERSION = YES;
				CLANG_WARN_INFINITE_RECURSION = YES;
				CLANG_WARN_INT_CONVERSION = YES;
				CLANG_WARN_NON_LITERAL_NULL_CONVERSION = YES;
				CLANG_WARN_OBJC_IMPLICIT_RETAIN_SELF = YES;
				CLANG_WARN_OBJC_LITERAL_CONVERSION = YES;
				CLANG_WARN_OBJC_ROOT_CLASS = YES_ERROR;
				CLANG_WARN_QUOTED_INCLUDE_IN_FRAMEWORK_HEADER = YES;
				CLANG_WARN_RANGE_LOOP_ANALYSIS = YES;
				CLANG_WARN_STRICT_PROTOTYPES = YES;
				CLANG_WARN_SUSPICIOUS_MOVE = YES;
				CLANG_WARN_UNGUARDED_AVAILABILITY = YES_AGGRESSIVE;
				CLANG_WARN_UNREACHABLE_CODE = YES;
				CLANG_WARN__DUPLICATE_METHOD_MATCH = YES;
				COPY_PHASE_STRIP = NO;
				DEBUG_INFORMATION_FORMAT = "dwarf-with-dsym";
				ENABLE_NS_ASSERTIONS = NO;
				ENABLE_STRICT_OBJC_MSGSEND = YES;
				GCC_C_LANGUAGE_STANDARD = gnu11;
				GCC_NO_COMMON_BLOCKS = YES;
				GCC_WARN_64_TO_32_BIT_CONVERSION = YES;
				GCC_WARN_ABOUT_RETURN_TYPE = YES_ERROR;
				GCC_WARN_UNDECLARED_SELECTOR = YES;
				GCC_WARN_UNINITIALIZED_AUTOS = YES_AGGRESSIVE;
				GCC_WARN_UNUSED_FUNCTION = YES;
				GCC_WARN_UNUSED_VARIABLE = YES;
				IPHONEOS_DEPLOYMENT_TARGET = 16.2;
				MTL_ENABLE_DEBUG_INFO = NO;
				MTL_FAST_MATH = YES;
				SDKROOT = iphoneos;
				SWIFT_COMPILATION_MODE = wholemodule;
				SWIFT_OPTIMIZATION_LEVEL = "-O";
				VALIDATE_PRODUCT = YES;
			};
			name = Release;
		};
		659B4B59299D788C0029E731 /* Debug */ = {
			isa = XCBuildConfiguration;
			buildSettings = {
				ASSETCATALOG_COMPILER_APPICON_NAME = AppIcon;
				ASSETCATALOG_COMPILER_GLOBAL_ACCENT_COLOR_NAME = AccentColor;
				CODE_SIGN_STYLE = Automatic;
				CURRENT_PROJECT_VERSION = 1;
				DEVELOPMENT_ASSET_PATHS = "\"PolkaChat/Preview Content\"";
				ENABLE_PREVIEWS = YES;
				GENERATE_INFOPLIST_FILE = YES;
				INFOPLIST_KEY_UIApplicationSceneManifest_Generation = YES;
				INFOPLIST_KEY_UIApplicationSupportsIndirectInputEvents = YES;
				INFOPLIST_KEY_UILaunchScreen_Generation = YES;
				INFOPLIST_KEY_UISupportedInterfaceOrientations_iPad = "UIInterfaceOrientationPortrait UIInterfaceOrientationPortraitUpsideDown UIInterfaceOrientationLandscapeLeft UIInterfaceOrientationLandscapeRight";
				INFOPLIST_KEY_UISupportedInterfaceOrientations_iPhone = "UIInterfaceOrientationPortrait UIInterfaceOrientationLandscapeLeft UIInterfaceOrientationLandscapeRight";
				LD_RUNPATH_SEARCH_PATHS = (
					"$(inherited)",
					"@executable_path/Frameworks",
				);
				MARKETING_VERSION = 1.0;
				PRODUCT_BUNDLE_IDENTIFIER = one.tesseract.PolkaChat;
				PRODUCT_NAME = "$(TARGET_NAME)";
				SWIFT_EMIT_LOC_STRINGS = YES;
				SWIFT_VERSION = 5.0;
				TARGETED_DEVICE_FAMILY = "1,2";
			};
			name = Debug;
		};
		659B4B5A299D788C0029E731 /* Release */ = {
			isa = XCBuildConfiguration;
			buildSettings = {
				ASSETCATALOG_COMPILER_APPICON_NAME = AppIcon;
				ASSETCATALOG_COMPILER_GLOBAL_ACCENT_COLOR_NAME = AccentColor;
				CODE_SIGN_STYLE = Automatic;
				CURRENT_PROJECT_VERSION = 1;
				DEVELOPMENT_ASSET_PATHS = "\"PolkaChat/Preview Content\"";
				ENABLE_PREVIEWS = YES;
				GENERATE_INFOPLIST_FILE = YES;
				INFOPLIST_KEY_UIApplicationSceneManifest_Generation = YES;
				INFOPLIST_KEY_UIApplicationSupportsIndirectInputEvents = YES;
				INFOPLIST_KEY_UILaunchScreen_Generation = YES;
				INFOPLIST_KEY_UISupportedInterfaceOrientations_iPad = "UIInterfaceOrientationPortrait UIInterfaceOrientationPortraitUpsideDown UIInterfaceOrientationLandscapeLeft UIInterfaceOrientationLandscapeRight";
				INFOPLIST_KEY_UISupportedInterfaceOrientations_iPhone = "UIInterfaceOrientationPortrait UIInterfaceOrientationLandscapeLeft UIInterfaceOrientationLandscapeRight";
				LD_RUNPATH_SEARCH_PATHS = (
					"$(inherited)",
					"@executable_path/Frameworks",
				);
				MARKETING_VERSION = 1.0;
				PRODUCT_BUNDLE_IDENTIFIER = one.tesseract.PolkaChat;
				PRODUCT_NAME = "$(TARGET_NAME)";
				SWIFT_EMIT_LOC_STRINGS = YES;
				SWIFT_VERSION = 5.0;
				TARGETED_DEVICE_FAMILY = "1,2";
			};
			name = Release;
		};
/* End XCBuildConfiguration section */

/* Begin XCConfigurationList section */
		659B4B45299D788B0029E731 /* Build configuration list for PBXProject "PolkaChat" */ = {
			isa = XCConfigurationList;
			buildConfigurations = (
				659B4B56299D788C0029E731 /* Debug */,
				659B4B57299D788C0029E731 /* Release */,
			);
			defaultConfigurationIsVisible = 0;
			defaultConfigurationName = Release;
		};
		659B4B58299D788C0029E731 /* Build configuration list for PBXNativeTarget "PolkaChat" */ = {
			isa = XCConfigurationList;
			buildConfigurations = (
				659B4B59299D788C0029E731 /* Debug */,
				659B4B5A299D788C0029E731 /* Release */,
			);
			defaultConfigurationIsVisible = 0;
			defaultConfigurationName = Release;
		};
/* End XCConfigurationList section */

/* Begin XCRemoteSwiftPackageReference section */
		659B4B5B299D79950029E731 /* XCRemoteSwiftPackageReference "Tesseract.swift" */ = {
			isa = XCRemoteSwiftPackageReference;
			repositoryURL = "https://github.com/tesseract-one/Tesseract.swift.git";
			requirement = {
				branch = master;
				kind = branch;
			};
		};
/* End XCRemoteSwiftPackageReference section */

/* Begin XCSwiftPackageProductDependency section */
		659B4B5C299D79950029E731 /* TesseractClient */ = {
			isa = XCSwiftPackageProductDependency;
			package = 659B4B5B299D79950029E731 /* XCRemoteSwiftPackageReference "Tesseract.swift" */;
			productName = TesseractClient;
		};
		659B4B5E299D79950029E731 /* TesseractUtils */ = {
			isa = XCSwiftPackageProductDependency;
			package = 659B4B5B299D79950029E731 /* XCRemoteSwiftPackageReference "Tesseract.swift" */;
			productName = TesseractUtils;
		};
/* End XCSwiftPackageProductDependency section */
	};
	rootObject = 659B4B42299D788B0029E731 /* Project object */;
}
